
Microsoft Visual Studio Solution File, Format Version 12.00
# Visual Studio 2013
VisualStudioVersion = 12.0.31101.0
MinimumVisualStudioVersion = 10.0.40219.1
Project("{2150E333-8FDC-42A3-9474-1A3956D46DE8}") = "Core", "Core", "{AEF59995-9E07-4C44-A13B-80B2CE89BED9}"
EndProject
Project("{2150E333-8FDC-42A3-9474-1A3956D46DE8}") = "Infrastructure", "Infrastructure", "{F05D563B-EE4D-4595-9706-1DE3B8DD9803}"
EndProject
Project("{2150E333-8FDC-42A3-9474-1A3956D46DE8}") = "WebApps", "WebApps", "{AA140E19-E4C3-4C74-B563-2F87A5517B92}"
EndProject
Project("{FAE04EC0-301F-11D3-BF4B-00C04F79EFBC}") = "DEF.WebApp", "DEF.WebApps\WebApps\DEF.WebApp\DEF.WebApp.csproj", "{3789A622-3377-4919-B2D4-992E798D5953}"
EndProject
Project("{2150E333-8FDC-42A3-9474-1A3956D46DE8}") = "Business", "Business", "{C63B59ED-78E5-4DE6-90F2-33FC0D19E73A}"
EndProject
Project("{2150E333-8FDC-42A3-9474-1A3956D46DE8}") = "DataEntities", "DataEntities", "{143317A7-DD80-4837-8F0D-1DAE8BCF6BE0}"
EndProject
Project("{2150E333-8FDC-42A3-9474-1A3956D46DE8}") = "DataObjects", "DataObjects", "{348F2035-033F-4AC6-BEBE-5EB2D03EBEDE}"
EndProject
Project("{2150E333-8FDC-42A3-9474-1A3956D46DE8}") = "ViewModels", "ViewModels", "{5F2B9236-DE1F-476D-92DE-515A0C26703F}"
EndProject
Project("{2150E333-8FDC-42A3-9474-1A3956D46DE8}") = "CrossCutting", "CrossCutting", "{5F9B9035-F770-488D-87F8-30E5FDB63A74}"
EndProject
Project("{2150E333-8FDC-42A3-9474-1A3956D46DE8}") = "Repository", "Repository", "{E7D31ED9-39A1-40D1-84EB-EC120FA85F66}"
EndProject
Project("{2150E333-8FDC-42A3-9474-1A3956D46DE8}") = "Resources", "Resources", "{56067D1F-80A1-43A8-A9EC-12B131BFBC5B}"
EndProject
Project("{2150E333-8FDC-42A3-9474-1A3956D46DE8}") = "Utilities", "Utilities", "{AE73255B-E922-4AFE-8E24-6DFEB09F879F}"
EndProject
Project("{FAE04EC0-301F-11D3-BF4B-00C04F79EFBC}") = "DEF.Services.Business", "DEF.WebApps\Core\Business\DEF.Services.Business\DEF.Services.Business.csproj", "{5CE66814-3A31-40F5-B711-2EEDB906E9CD}"
EndProject
Project("{FAE04EC0-301F-11D3-BF4B-00C04F79EFBC}") = "DEF.Services.DataObjects", "DEF.WebApps\Core\DataObjects\DEF.Services.DataObjects\DEF.Services.DataObjects.csproj", "{87ED2F37-C8DB-4684-82B6-94C34FA549C2}"
EndProject
Project("{FAE04EC0-301F-11D3-BF4B-00C04F79EFBC}") = "DEF.Services.Logging", "DEF.WebApps\Infrastructure\CrossCutting\DEF.Service.Logging\DEF.Services.Logging.csproj", "{1490A643-F0E1-4BBE-8D1D-78CF1C2A4D78}"
EndProject
Project("{FAE04EC0-301F-11D3-BF4B-00C04F79EFBC}") = "DEF.Services.Data", "DEF.WebApps\Infrastructure\Repository\DEF.Service.Data\DEF.Services.Data.csproj", "{57792B6B-350B-41D8-BCA5-C28937251FEA}"
EndProject
Project("{FAE04EC0-301F-11D3-BF4B-00C04F79EFBC}") = "DEF.Services.Repository", "DEF.WebApps\Infrastructure\Repository\DEF.Services.Repository\DEF.Services.Repository.csproj", "{BF6D5D3E-536B-4E87-B9E2-623A1A7FDFB6}"
EndProject
Project("{FAE04EC0-301F-11D3-BF4B-00C04F79EFBC}") = "DEF.Services.Messages", "DEF.WebApps\Infrastructure\Resources\DEF.Services.Messages\DEF.Services.Messages.csproj", "{35AD7EE3-6EF9-4C4C-BC3E-EF12D8C64B2C}"
EndProject
Project("{FAE04EC0-301F-11D3-BF4B-00C04F79EFBC}") = "DEF.Services.Utilities", "DEF.WebApps\Infrastructure\Utilities\DEF.Services.Utilities\DEF.Services.Utilities.csproj", "{A208C161-4869-405E-A398-C653A7C6F129}"
EndProject
Project("{FAE04EC0-301F-11D3-BF4B-00C04F79EFBC}") = "DEF.Services.Rules", "DEF.WebApps\Core\Business\DEF.Services.Rules\DEF.Services.Rules.csproj", "{AF161F48-E2FE-4E59-8527-7A527D8D83AE}"
EndProject
Project("{FAE04EC0-301F-11D3-BF4B-00C04F79EFBC}") = "DEF.Services.Common.Repository", "DEF.WebApps\Infrastructure\Repository\DEF.Services.Common.Repository\DEF.Services.Common.Repository.csproj", "{8FD119A5-85B7-4DE8-AB69-241A191EEC5F}"
EndProject
Project("{FAE04EC0-301F-11D3-BF4B-00C04F79EFBC}") = "DEF.Services.Common.Business", "DEF.WebApps\Core\Business\DEF.Services.Common.Business\DEF.Services.Common.Business.csproj", "{FCBC96A3-4D16-4859-A9D8-710720112CE9}"
EndProject
Project("{FAE04EC0-301F-11D3-BF4B-00C04F79EFBC}") = "DEF.Data.Entities", "DEF.WebApps\Core\DataEntities\DEF.Data.Entities\DEF.Data.Entities.csproj", "{AB4E86F0-5203-4C4E-9081-41452FBAC92B}"
EndProject
Project("{FAE04EC0-301F-11D3-BF4B-00C04F79EFBC}") = "DEF.Services.ViewModels", "DEF.Services\ViewModels\DEF.Services.ViewModels\DEF.Services.ViewModels.csproj", "{980FA0FA-C48F-483F-96F9-8A4ABE171A4C}"
EndProject
Global
	GlobalSection(SolutionConfigurationPlatforms) = preSolution
		Debug|Any CPU = Debug|Any CPU
		Release|Any CPU = Release|Any CPU
	EndGlobalSection
	GlobalSection(ProjectConfigurationPlatforms) = postSolution
		{3789A622-3377-4919-B2D4-992E798D5953}.Debug|Any CPU.ActiveCfg = Debug|Any CPU
		{3789A622-3377-4919-B2D4-992E798D5953}.Debug|Any CPU.Build.0 = Debug|Any CPU
		{3789A622-3377-4919-B2D4-992E798D5953}.Release|Any CPU.ActiveCfg = Release|Any CPU
		{3789A622-3377-4919-B2D4-992E798D5953}.Release|Any CPU.Build.0 = Release|Any CPU
		{5CE66814-3A31-40F5-B711-2EEDB906E9CD}.Debug|Any CPU.ActiveCfg = Debug|Any CPU
		{5CE66814-3A31-40F5-B711-2EEDB906E9CD}.Debug|Any CPU.Build.0 = Debug|Any CPU
		{5CE66814-3A31-40F5-B711-2EEDB906E9CD}.Release|Any CPU.ActiveCfg = Release|Any CPU
		{5CE66814-3A31-40F5-B711-2EEDB906E9CD}.Release|Any CPU.Build.0 = Release|Any CPU
		{87ED2F37-C8DB-4684-82B6-94C34FA549C2}.Debug|Any CPU.ActiveCfg = Debug|Any CPU
		{87ED2F37-C8DB-4684-82B6-94C34FA549C2}.Debug|Any CPU.Build.0 = Debug|Any CPU
		{87ED2F37-C8DB-4684-82B6-94C34FA549C2}.Release|Any CPU.ActiveCfg = Release|Any CPU
		{87ED2F37-C8DB-4684-82B6-94C34FA549C2}.Release|Any CPU.Build.0 = Release|Any CPU
		{1490A643-F0E1-4BBE-8D1D-78CF1C2A4D78}.Debug|Any CPU.ActiveCfg = Debug|Any CPU
		{1490A643-F0E1-4BBE-8D1D-78CF1C2A4D78}.Debug|Any CPU.Build.0 = Debug|Any CPU
		{1490A643-F0E1-4BBE-8D1D-78CF1C2A4D78}.Release|Any CPU.ActiveCfg = Release|Any CPU
		{1490A643-F0E1-4BBE-8D1D-78CF1C2A4D78}.Release|Any CPU.Build.0 = Release|Any CPU
		{57792B6B-350B-41D8-BCA5-C28937251FEA}.Debug|Any CPU.ActiveCfg = Debug|Any CPU
		{57792B6B-350B-41D8-BCA5-C28937251FEA}.Debug|Any CPU.Build.0 = Debug|Any CPU
		{57792B6B-350B-41D8-BCA5-C28937251FEA}.Release|Any CPU.ActiveCfg = Release|Any CPU
		{57792B6B-350B-41D8-BCA5-C28937251FEA}.Release|Any CPU.Build.0 = Release|Any CPU
		{BF6D5D3E-536B-4E87-B9E2-623A1A7FDFB6}.Debug|Any CPU.ActiveCfg = Debug|Any CPU
		{BF6D5D3E-536B-4E87-B9E2-623A1A7FDFB6}.Debug|Any CPU.Build.0 = Debug|Any CPU
		{BF6D5D3E-536B-4E87-B9E2-623A1A7FDFB6}.Release|Any CPU.ActiveCfg = Release|Any CPU
		{BF6D5D3E-536B-4E87-B9E2-623A1A7FDFB6}.Release|Any CPU.Build.0 = Release|Any CPU
		{35AD7EE3-6EF9-4C4C-BC3E-EF12D8C64B2C}.Debug|Any CPU.ActiveCfg = Debug|Any CPU
		{35AD7EE3-6EF9-4C4C-BC3E-EF12D8C64B2C}.Debug|Any CPU.Build.0 = Debug|Any CPU
		{35AD7EE3-6EF9-4C4C-BC3E-EF12D8C64B2C}.Release|Any CPU.ActiveCfg = Release|Any CPU
		{35AD7EE3-6EF9-4C4C-BC3E-EF12D8C64B2C}.Release|Any CPU.Build.0 = Release|Any CPU
		{A208C161-4869-405E-A398-C653A7C6F129}.Debug|Any CPU.ActiveCfg = Debug|Any CPU
		{A208C161-4869-405E-A398-C653A7C6F129}.Debug|Any CPU.Build.0 = Debug|Any CPU
		{A208C161-4869-405E-A398-C653A7C6F129}.Release|Any CPU.ActiveCfg = Release|Any CPU
		{A208C161-4869-405E-A398-C653A7C6F129}.Release|Any CPU.Build.0 = Release|Any CPU
		{AF161F48-E2FE-4E59-8527-7A527D8D83AE}.Debug|Any CPU.ActiveCfg = Debug|Any CPU
		{AF161F48-E2FE-4E59-8527-7A527D8D83AE}.Debug|Any CPU.Build.0 = Debug|Any CPU
		{AF161F48-E2FE-4E59-8527-7A527D8D83AE}.Release|Any CPU.ActiveCfg = Release|Any CPU
		{AF161F48-E2FE-4E59-8527-7A527D8D83AE}.Release|Any CPU.Build.0 = Release|Any CPU
		{8FD119A5-85B7-4DE8-AB69-241A191EEC5F}.Debug|Any CPU.ActiveCfg = Debug|Any CPU
		{8FD119A5-85B7-4DE8-AB69-241A191EEC5F}.Debug|Any CPU.Build.0 = Debug|Any CPU
		{8FD119A5-85B7-4DE8-AB69-241A191EEC5F}.Release|Any CPU.ActiveCfg = Release|Any CPU
		{8FD119A5-85B7-4DE8-AB69-241A191EEC5F}.Release|Any CPU.Build.0 = Release|Any CPU
		{FCBC96A3-4D16-4859-A9D8-710720112CE9}.Debug|Any CPU.ActiveCfg = Debug|Any CPU
		{FCBC96A3-4D16-4859-A9D8-710720112CE9}.Debug|Any CPU.Build.0 = Debug|Any CPU
		{FCBC96A3-4D16-4859-A9D8-710720112CE9}.Release|Any CPU.ActiveCfg = Release|Any CPU
		{FCBC96A3-4D16-4859-A9D8-710720112CE9}.Release|Any CPU.Build.0 = Release|Any CPU
		{AB4E86F0-5203-4C4E-9081-41452FBAC92B}.Debug|Any CPU.ActiveCfg = Debug|Any CPU
		{AB4E86F0-5203-4C4E-9081-41452FBAC92B}.Debug|Any CPU.Build.0 = Debug|Any CPU
		{AB4E86F0-5203-4C4E-9081-41452FBAC92B}.Release|Any CPU.ActiveCfg = Release|Any CPU
		{AB4E86F0-5203-4C4E-9081-41452FBAC92B}.Release|Any CPU.Build.0 = Release|Any CPU
		{980FA0FA-C48F-483F-96F9-8A4ABE171A4C}.Debug|Any CPU.ActiveCfg = Debug|Any CPU
		{980FA0FA-C48F-483F-96F9-8A4ABE171A4C}.Debug|Any CPU.Build.0 = Debug|Any CPU
		{980FA0FA-C48F-483F-96F9-8A4ABE171A4C}.Release|Any CPU.ActiveCfg = Release|Any CPU
		{980FA0FA-C48F-483F-96F9-8A4ABE171A4C}.Release|Any CPU.Build.0 = Release|Any CPU
	EndGlobalSection
	GlobalSection(SolutionProperties) = preSolution
		HideSolutionNode = FALSE
	EndGlobalSection
	GlobalSection(NestedProjects) = preSolution
		{3789A622-3377-4919-B2D4-992E798D5953} = {AA140E19-E4C3-4C74-B563-2F87A5517B92}
		{C63B59ED-78E5-4DE6-90F2-33FC0D19E73A} = {AEF59995-9E07-4C44-A13B-80B2CE89BED9}
		{143317A7-DD80-4837-8F0D-1DAE8BCF6BE0} = {AEF59995-9E07-4C44-A13B-80B2CE89BED9}
		{348F2035-033F-4AC6-BEBE-5EB2D03EBEDE} = {AEF59995-9E07-4C44-A13B-80B2CE89BED9}
		{5F2B9236-DE1F-476D-92DE-515A0C26703F} = {AEF59995-9E07-4C44-A13B-80B2CE89BED9}
		{5F9B9035-F770-488D-87F8-30E5FDB63A74} = {F05D563B-EE4D-4595-9706-1DE3B8DD9803}
		{E7D31ED9-39A1-40D1-84EB-EC120FA85F66} = {F05D563B-EE4D-4595-9706-1DE3B8DD9803}
		{56067D1F-80A1-43A8-A9EC-12B131BFBC5B} = {F05D563B-EE4D-4595-9706-1DE3B8DD9803}
		{AE73255B-E922-4AFE-8E24-6DFEB09F879F} = {F05D563B-EE4D-4595-9706-1DE3B8DD9803}
		{5CE66814-3A31-40F5-B711-2EEDB906E9CD} = {C63B59ED-78E5-4DE6-90F2-33FC0D19E73A}
		{87ED2F37-C8DB-4684-82B6-94C34FA549C2} = {348F2035-033F-4AC6-BEBE-5EB2D03EBEDE}
		{1490A643-F0E1-4BBE-8D1D-78CF1C2A4D78} = {5F9B9035-F770-488D-87F8-30E5FDB63A74}
		{57792B6B-350B-41D8-BCA5-C28937251FEA} = {E7D31ED9-39A1-40D1-84EB-EC120FA85F66}
		{BF6D5D3E-536B-4E87-B9E2-623A1A7FDFB6} = {E7D31ED9-39A1-40D1-84EB-EC120FA85F66}
		{35AD7EE3-6EF9-4C4C-BC3E-EF12D8C64B2C} = {56067D1F-80A1-43A8-A9EC-12B131BFBC5B}
		{A208C161-4869-405E-A398-C653A7C6F129} = {AE73255B-E922-4AFE-8E24-6DFEB09F879F}
		{AF161F48-E2FE-4E59-8527-7A527D8D83AE} = {C63B59ED-78E5-4DE6-90F2-33FC0D19E73A}
		{8FD119A5-85B7-4DE8-AB69-241A191EEC5F} = {E7D31ED9-39A1-40D1-84EB-EC120FA85F66}
		{FCBC96A3-4D16-4859-A9D8-710720112CE9} = {C63B59ED-78E5-4DE6-90F2-33FC0D19E73A}
		{AB4E86F0-5203-4C4E-9081-41452FBAC92B} = {143317A7-DD80-4837-8F0D-1DAE8BCF6BE0}
		{980FA0FA-C48F-483F-96F9-8A4ABE171A4C} = {5F2B9236-DE1F-476D-92DE-515A0C26703F}
	EndGlobalSection
EndGlobal
