
Microsoft Visual Studio Solution File, Format Version 12.00
# Visual Studio 2013
VisualStudioVersion = 12.0.31101.0
MinimumVisualStudioVersion = 10.0.40219.1
Project("{2150E333-8FDC-42A3-9474-1A3956D46DE8}") = "Core", "Core", "{2D9FD9F3-408C-4DE1-8399-FE1695BC3CF7}"
EndProject
Project("{2150E333-8FDC-42A3-9474-1A3956D46DE8}") = "Business", "Business", "{BBAF7573-78AF-428B-89B0-CF2F3413EEBA}"
EndProject
Project("{2150E333-8FDC-42A3-9474-1A3956D46DE8}") = "Infrastructure", "Infrastructure", "{532C43E7-BBD1-4779-A74E-8AA4A0A1C484}"
EndProject
Project("{2150E333-8FDC-42A3-9474-1A3956D46DE8}") = "CrossCutting", "CrossCutting", "{220DBCEA-C6A3-477B-BA1C-D838B6D58C8A}"
EndProject
Project("{2150E333-8FDC-42A3-9474-1A3956D46DE8}") = "DataObjects", "DataObjects", "{5F156CB3-5FC9-4126-9ABD-437DFA83E96C}"
EndProject
Project("{2150E333-8FDC-42A3-9474-1A3956D46DE8}") = "Repository", "Repository", "{FBB7245E-B286-4858-87F4-8241F808C77B}"
EndProject
Project("{2150E333-8FDC-42A3-9474-1A3956D46DE8}") = "Resources", "Resources", "{013A5FFB-8907-45BB-B9D2-966C37A957A8}"
EndProject
Project("{2150E333-8FDC-42A3-9474-1A3956D46DE8}") = "Utilities", "Utilities", "{C0DFCC19-E1C8-43C9-A670-E34E7C660A83}"
EndProject
Project("{2150E333-8FDC-42A3-9474-1A3956D46DE8}") = "Setup", "Setup", "{B8C7026C-7AF7-4CEA-A6C8-7917FD7055E9}"
EndProject
Project("{2150E333-8FDC-42A3-9474-1A3956D46DE8}") = "WindowsServices", "WindowsServices", "{20A43CC9-2E69-4000-8581-D37F234EACC5}"
EndProject
Project("{FAE04EC0-301F-11D3-BF4B-00C04F79EFBC}") = "DEF.Services.Business", "DEF.Services\Core\Business\DEF.Services.Business\DEF.Services.Business.csproj", "{5CE66814-3A31-40F5-B711-2EEDB906E9CD}"
EndProject
Project("{FAE04EC0-301F-11D3-BF4B-00C04F79EFBC}") = "DEF.Services.DataObjects", "DEF.Services\Core\DataObjects\DEF.Services.DataObjects\DEF.Services.DataObjects.csproj", "{87ED2F37-C8DB-4684-82B6-94C34FA549C2}"
EndProject
Project("{FAE04EC0-301F-11D3-BF4B-00C04F79EFBC}") = "DEF.Services.Logging", "DEF.Services\Infrastructure\CrossCutting\DEF.Service.Logging\DEF.Services.Logging.csproj", "{1490A643-F0E1-4BBE-8D1D-78CF1C2A4D78}"
EndProject
Project("{FAE04EC0-301F-11D3-BF4B-00C04F79EFBC}") = "DEF.Services.Data", "DEF.Services\Infrastructure\Repository\DEF.Service.Data\DEF.Services.Data.csproj", "{57792B6B-350B-41D8-BCA5-C28937251FEA}"
EndProject
Project("{FAE04EC0-301F-11D3-BF4B-00C04F79EFBC}") = "DEF.Services.Repository", "DEF.Services\Infrastructure\Repository\DEF.Services.Repository\DEF.Services.Repository.csproj", "{BF6D5D3E-536B-4E87-B9E2-623A1A7FDFB6}"
EndProject
Project("{FAE04EC0-301F-11D3-BF4B-00C04F79EFBC}") = "DEF.Services.Messages", "DEF.Services\Infrastructure\Resources\DEF.Services.Messages\DEF.Services.Messages.csproj", "{35AD7EE3-6EF9-4C4C-BC3E-EF12D8C64B2C}"
EndProject
Project("{FAE04EC0-301F-11D3-BF4B-00C04F79EFBC}") = "DEF.Services.Utilities", "DEF.Services\Infrastructure\Utilities\DEF.Services.Utilities\DEF.Services.Utilities.csproj", "{A208C161-4869-405E-A398-C653A7C6F129}"
EndProject
Project("{FAE04EC0-301F-11D3-BF4B-00C04F79EFBC}") = "DEF.Services.BriefingSourceBatchService", "DEF.Services\WindowsServices\DEF.Services.BriefingSourceBatchService\DEF.Services.BriefingSourceBatchService.csproj", "{38C54DD0-FEDF-4017-BFB8-7684AD77FF5A}"
EndProject
Global
	GlobalSection(SolutionConfigurationPlatforms) = preSolution
		Debug|Any CPU = Debug|Any CPU
		Release|Any CPU = Release|Any CPU
	EndGlobalSection
	GlobalSection(ProjectConfigurationPlatforms) = postSolution
		{5CE66814-3A31-40F5-B711-2EEDB906E9CD}.Debug|Any CPU.ActiveCfg = Debug|Any CPU
		{5CE66814-3A31-40F5-B711-2EEDB906E9CD}.Debug|Any CPU.Build.0 = Debug|Any CPU
		{5CE66814-3A31-40F5-B711-2EEDB906E9CD}.Release|Any CPU.ActiveCfg = Release|Any CPU
		{5CE66814-3A31-40F5-B711-2EEDB906E9CD}.Release|Any CPU.Build.0 = Release|Any CPU
		{87ED2F37-C8DB-4684-82B6-94C34FA549C2}.Debug|Any CPU.ActiveCfg = Debug|Any CPU
		{87ED2F37-C8DB-4684-82B6-94C34FA549C2}.Debug|Any CPU.Build.0 = Debug|Any CPU
		{87ED2F37-C8DB-4684-82B6-94C34FA549C2}.Release|Any CPU.ActiveCfg = Release|Any CPU
		{87ED2F37-C8DB-4684-82B6-94C34FA549C2}.Release|Any CPU.Build.0 = Release|Any CPU
		{1490A643-F0E1-4BBE-8D1D-78CF1C2A4D78}.Debug|Any CPU.ActiveCfg = Debug|Any CPU
		{1490A643-F0E1-4BBE-8D1D-78CF1C2A4D78}.Debug|Any CPU.Build.0 = Debug|Any CPU
		{1490A643-F0E1-4BBE-8D1D-78CF1C2A4D78}.Release|Any CPU.ActiveCfg = Release|Any CPU
		{1490A643-F0E1-4BBE-8D1D-78CF1C2A4D78}.Release|Any CPU.Build.0 = Release|Any CPU
		{57792B6B-350B-41D8-BCA5-C28937251FEA}.Debug|Any CPU.ActiveCfg = Debug|Any CPU
		{57792B6B-350B-41D8-BCA5-C28937251FEA}.Debug|Any CPU.Build.0 = Debug|Any CPU
		{57792B6B-350B-41D8-BCA5-C28937251FEA}.Release|Any CPU.ActiveCfg = Release|Any CPU
		{57792B6B-350B-41D8-BCA5-C28937251FEA}.Release|Any CPU.Build.0 = Release|Any CPU
		{BF6D5D3E-536B-4E87-B9E2-623A1A7FDFB6}.Debug|Any CPU.ActiveCfg = Debug|Any CPU
		{BF6D5D3E-536B-4E87-B9E2-623A1A7FDFB6}.Debug|Any CPU.Build.0 = Debug|Any CPU
		{BF6D5D3E-536B-4E87-B9E2-623A1A7FDFB6}.Release|Any CPU.ActiveCfg = Release|Any CPU
		{BF6D5D3E-536B-4E87-B9E2-623A1A7FDFB6}.Release|Any CPU.Build.0 = Release|Any CPU
		{35AD7EE3-6EF9-4C4C-BC3E-EF12D8C64B2C}.Debug|Any CPU.ActiveCfg = Debug|Any CPU
		{35AD7EE3-6EF9-4C4C-BC3E-EF12D8C64B2C}.Debug|Any CPU.Build.0 = Debug|Any CPU
		{35AD7EE3-6EF9-4C4C-BC3E-EF12D8C64B2C}.Release|Any CPU.ActiveCfg = Release|Any CPU
		{35AD7EE3-6EF9-4C4C-BC3E-EF12D8C64B2C}.Release|Any CPU.Build.0 = Release|Any CPU
		{A208C161-4869-405E-A398-C653A7C6F129}.Debug|Any CPU.ActiveCfg = Debug|Any CPU
		{A208C161-4869-405E-A398-C653A7C6F129}.Debug|Any CPU.Build.0 = Debug|Any CPU
		{A208C161-4869-405E-A398-C653A7C6F129}.Release|Any CPU.ActiveCfg = Release|Any CPU
		{A208C161-4869-405E-A398-C653A7C6F129}.Release|Any CPU.Build.0 = Release|Any CPU
		{38C54DD0-FEDF-4017-BFB8-7684AD77FF5A}.Debug|Any CPU.ActiveCfg = Debug|Any CPU
		{38C54DD0-FEDF-4017-BFB8-7684AD77FF5A}.Debug|Any CPU.Build.0 = Debug|Any CPU
		{38C54DD0-FEDF-4017-BFB8-7684AD77FF5A}.Release|Any CPU.ActiveCfg = Release|Any CPU
		{38C54DD0-FEDF-4017-BFB8-7684AD77FF5A}.Release|Any CPU.Build.0 = Release|Any CPU
	EndGlobalSection
	GlobalSection(SolutionProperties) = preSolution
		HideSolutionNode = FALSE
	EndGlobalSection
	GlobalSection(NestedProjects) = preSolution
		{BBAF7573-78AF-428B-89B0-CF2F3413EEBA} = {2D9FD9F3-408C-4DE1-8399-FE1695BC3CF7}
		{220DBCEA-C6A3-477B-BA1C-D838B6D58C8A} = {532C43E7-BBD1-4779-A74E-8AA4A0A1C484}
		{5F156CB3-5FC9-4126-9ABD-437DFA83E96C} = {2D9FD9F3-408C-4DE1-8399-FE1695BC3CF7}
		{FBB7245E-B286-4858-87F4-8241F808C77B} = {532C43E7-BBD1-4779-A74E-8AA4A0A1C484}
		{013A5FFB-8907-45BB-B9D2-966C37A957A8} = {532C43E7-BBD1-4779-A74E-8AA4A0A1C484}
		{C0DFCC19-E1C8-43C9-A670-E34E7C660A83} = {532C43E7-BBD1-4779-A74E-8AA4A0A1C484}
		{5CE66814-3A31-40F5-B711-2EEDB906E9CD} = {BBAF7573-78AF-428B-89B0-CF2F3413EEBA}
		{87ED2F37-C8DB-4684-82B6-94C34FA549C2} = {5F156CB3-5FC9-4126-9ABD-437DFA83E96C}
		{1490A643-F0E1-4BBE-8D1D-78CF1C2A4D78} = {220DBCEA-C6A3-477B-BA1C-D838B6D58C8A}
		{57792B6B-350B-41D8-BCA5-C28937251FEA} = {FBB7245E-B286-4858-87F4-8241F808C77B}
		{BF6D5D3E-536B-4E87-B9E2-623A1A7FDFB6} = {FBB7245E-B286-4858-87F4-8241F808C77B}
		{35AD7EE3-6EF9-4C4C-BC3E-EF12D8C64B2C} = {013A5FFB-8907-45BB-B9D2-966C37A957A8}
		{A208C161-4869-405E-A398-C653A7C6F129} = {C0DFCC19-E1C8-43C9-A670-E34E7C660A83}
		{38C54DD0-FEDF-4017-BFB8-7684AD77FF5A} = {20A43CC9-2E69-4000-8581-D37F234EACC5}
	EndGlobalSection
EndGlobal
